
Microsoft Visual Studio Solution File, Format Version 12.00
# Visual Studio Version 17
VisualStudioVersion = 17.10.34902.84
MinimumVisualStudioVersion = 10.0.40219.1
Project("{FAE04EC0-301F-11D3-BF4B-00C04F79EFBC}") = "EgyVoyage", "Egy Voyage\EgyVoyage.csproj", "{1F2CFBF5-22C9-4ACA-B28B-4D680BC7F703}"
EndProject
Global
	GlobalSection(SolutionConfigurationPlatforms) = preSolution
		Debug|Any CPU = Debug|Any CPU
		Release|Any CPU = Release|Any CPU
	EndGlobalSection
	GlobalSection(ProjectConfigurationPlatforms) = postSolution
		{1F2CFBF5-22C9-4ACA-B28B-4D680BC7F703}.Debug|Any CPU.ActiveCfg = Debug|Any CPU
		{1F2CFBF5-22C9-4ACA-B28B-4D680BC7F703}.Debug|Any CPU.Build.0 = Debug|Any CPU
		{1F2CFBF5-22C9-4ACA-B28B-4D680BC7F703}.Release|Any CPU.ActiveCfg = Release|Any CPU
		{1F2CFBF5-22C9-4ACA-B28B-4D680BC7F703}.Release|Any CPU.Build.0 = Release|Any CPU
	EndGlobalSection
	GlobalSection(SolutionProperties) = preSolution
		HideSolutionNode = FALSE
	EndGlobalSection
	GlobalSection(ExtensibilityGlobals) = postSolution
		SolutionGuid = {CB403062-868A-438C-A365-4C9D23A45599}
	EndGlobalSection
EndGlobal
